
Microsoft Visual Studio Solution File, Format Version 12.00
# Visual Studio Version 17
VisualStudioVersion = 17.8.34316.72
MinimumVisualStudioVersion = 10.0.40219.1
Project("{FAE04EC0-301F-11D3-BF4B-00C04F79EFBC}") = "ElasticSearchCRUD", "ElasticSearchCRUD\ElasticSearchCRUD.csproj", "{10C1DFB8-89D1-4FF2-9CCB-9291D00483B0}"
EndProject
Project("{E53339B2-1760-4266-BCC7-CA923CBCF16C}") = "docker-compose", "docker-compose.dcproj", "{F1C54EC1-634D-4505-8FE5-1D133ACA6CA8}"
EndProject
Project("{2150E333-8FDC-42A3-9474-1A3956D46DE8}") = "Fuzzy_Algorithms", "Fuzzy_Algorithms", "{1C76DA13-FD51-4D9D-9239-F521ADFCE525}"
EndProject
Project("{FAE04EC0-301F-11D3-BF4B-00C04F79EFBC}") = "Levenshtein", "FuzzyAlgorithms\Levenshtein\Levenshtein.csproj", "{2CF6DD69-18C2-4688-A5B6-33ECCADF9082}"
EndProject
Project("{FAE04EC0-301F-11D3-BF4B-00C04F79EFBC}") = "Damerau-Levenshtein", "FuzzyAlgorithms\Damerau-Levenshtein\Damerau-Levenshtein.csproj", "{2B9AAF72-DBA4-4405-8141-23249990CE1E}"
EndProject
Project("{FAE04EC0-301F-11D3-BF4B-00C04F79EFBC}") = "JaroWinkler", "FuzzyAlgorithms\JaroWinkler\JaroWinkler.csproj", "{F1ACCEC3-7459-45B9-8AC7-091D88821317}"
EndProject
Project("{FAE04EC0-301F-11D3-BF4B-00C04F79EFBC}") = "Soundex", "FuzzyAlgorithms\Soundex\Soundex.csproj", "{B8506961-79B0-463D-863B-D601FAA53238}"
EndProject
Project("{FAE04EC0-301F-11D3-BF4B-00C04F79EFBC}") = "Metaphone", "FuzzyAlgorithms\Metaphone\Metaphone.csproj", "{1E3932B0-08A8-4137-B64F-A1E75A189D92}"
EndProject
Project("{FAE04EC0-301F-11D3-BF4B-00C04F79EFBC}") = "DoubleMetaphone", "FuzzyAlgorithms\DoubleMetaphone\DoubleMetaphone.csproj", "{C3B56944-1190-4CE0-85AE-BAFE2B5D8B40}"
EndProject
Project("{FAE04EC0-301F-11D3-BF4B-00C04F79EFBC}") = "Trigram", "FuzzyAlgorithms\Trigram\Trigram.csproj", "{20FCAE40-5211-412A-B223-DC719041E734}"
EndProject
Global
	GlobalSection(SolutionConfigurationPlatforms) = preSolution
		Debug|Any CPU = Debug|Any CPU
		Release|Any CPU = Release|Any CPU
	EndGlobalSection
	GlobalSection(ProjectConfigurationPlatforms) = postSolution
		{10C1DFB8-89D1-4FF2-9CCB-9291D00483B0}.Debug|Any CPU.ActiveCfg = Debug|Any CPU
		{10C1DFB8-89D1-4FF2-9CCB-9291D00483B0}.Debug|Any CPU.Build.0 = Debug|Any CPU
		{10C1DFB8-89D1-4FF2-9CCB-9291D00483B0}.Release|Any CPU.ActiveCfg = Release|Any CPU
		{10C1DFB8-89D1-4FF2-9CCB-9291D00483B0}.Release|Any CPU.Build.0 = Release|Any CPU
		{F1C54EC1-634D-4505-8FE5-1D133ACA6CA8}.Debug|Any CPU.ActiveCfg = Debug|Any CPU
		{F1C54EC1-634D-4505-8FE5-1D133ACA6CA8}.Debug|Any CPU.Build.0 = Debug|Any CPU
		{F1C54EC1-634D-4505-8FE5-1D133ACA6CA8}.Release|Any CPU.ActiveCfg = Release|Any CPU
		{F1C54EC1-634D-4505-8FE5-1D133ACA6CA8}.Release|Any CPU.Build.0 = Release|Any CPU
		{2CF6DD69-18C2-4688-A5B6-33ECCADF9082}.Debug|Any CPU.ActiveCfg = Debug|Any CPU
		{2CF6DD69-18C2-4688-A5B6-33ECCADF9082}.Debug|Any CPU.Build.0 = Debug|Any CPU
		{2CF6DD69-18C2-4688-A5B6-33ECCADF9082}.Release|Any CPU.ActiveCfg = Release|Any CPU
		{2CF6DD69-18C2-4688-A5B6-33ECCADF9082}.Release|Any CPU.Build.0 = Release|Any CPU
		{2B9AAF72-DBA4-4405-8141-23249990CE1E}.Debug|Any CPU.ActiveCfg = Debug|Any CPU
		{2B9AAF72-DBA4-4405-8141-23249990CE1E}.Debug|Any CPU.Build.0 = Debug|Any CPU
		{2B9AAF72-DBA4-4405-8141-23249990CE1E}.Release|Any CPU.ActiveCfg = Release|Any CPU
		{2B9AAF72-DBA4-4405-8141-23249990CE1E}.Release|Any CPU.Build.0 = Release|Any CPU
		{F1ACCEC3-7459-45B9-8AC7-091D88821317}.Debug|Any CPU.ActiveCfg = Debug|Any CPU
		{F1ACCEC3-7459-45B9-8AC7-091D88821317}.Debug|Any CPU.Build.0 = Debug|Any CPU
		{F1ACCEC3-7459-45B9-8AC7-091D88821317}.Release|Any CPU.ActiveCfg = Release|Any CPU
		{F1ACCEC3-7459-45B9-8AC7-091D88821317}.Release|Any CPU.Build.0 = Release|Any CPU
		{B8506961-79B0-463D-863B-D601FAA53238}.Debug|Any CPU.ActiveCfg = Debug|Any CPU
		{B8506961-79B0-463D-863B-D601FAA53238}.Debug|Any CPU.Build.0 = Debug|Any CPU
		{B8506961-79B0-463D-863B-D601FAA53238}.Release|Any CPU.ActiveCfg = Release|Any CPU
		{B8506961-79B0-463D-863B-D601FAA53238}.Release|Any CPU.Build.0 = Release|Any CPU
		{1E3932B0-08A8-4137-B64F-A1E75A189D92}.Debug|Any CPU.ActiveCfg = Debug|Any CPU
		{1E3932B0-08A8-4137-B64F-A1E75A189D92}.Debug|Any CPU.Build.0 = Debug|Any CPU
		{1E3932B0-08A8-4137-B64F-A1E75A189D92}.Release|Any CPU.ActiveCfg = Release|Any CPU
		{1E3932B0-08A8-4137-B64F-A1E75A189D92}.Release|Any CPU.Build.0 = Release|Any CPU
		{C3B56944-1190-4CE0-85AE-BAFE2B5D8B40}.Debug|Any CPU.ActiveCfg = Debug|Any CPU
		{C3B56944-1190-4CE0-85AE-BAFE2B5D8B40}.Debug|Any CPU.Build.0 = Debug|Any CPU
		{C3B56944-1190-4CE0-85AE-BAFE2B5D8B40}.Release|Any CPU.ActiveCfg = Release|Any CPU
		{C3B56944-1190-4CE0-85AE-BAFE2B5D8B40}.Release|Any CPU.Build.0 = Release|Any CPU
		{20FCAE40-5211-412A-B223-DC719041E734}.Debug|Any CPU.ActiveCfg = Debug|Any CPU
		{20FCAE40-5211-412A-B223-DC719041E734}.Debug|Any CPU.Build.0 = Debug|Any CPU
		{20FCAE40-5211-412A-B223-DC719041E734}.Release|Any CPU.ActiveCfg = Release|Any CPU
		{20FCAE40-5211-412A-B223-DC719041E734}.Release|Any CPU.Build.0 = Release|Any CPU
	EndGlobalSection
	GlobalSection(SolutionProperties) = preSolution
		HideSolutionNode = FALSE
	EndGlobalSection
	GlobalSection(NestedProjects) = preSolution
		{2CF6DD69-18C2-4688-A5B6-33ECCADF9082} = {1C76DA13-FD51-4D9D-9239-F521ADFCE525}
		{2B9AAF72-DBA4-4405-8141-23249990CE1E} = {1C76DA13-FD51-4D9D-9239-F521ADFCE525}
		{F1ACCEC3-7459-45B9-8AC7-091D88821317} = {1C76DA13-FD51-4D9D-9239-F521ADFCE525}
		{B8506961-79B0-463D-863B-D601FAA53238} = {1C76DA13-FD51-4D9D-9239-F521ADFCE525}
		{1E3932B0-08A8-4137-B64F-A1E75A189D92} = {1C76DA13-FD51-4D9D-9239-F521ADFCE525}
		{C3B56944-1190-4CE0-85AE-BAFE2B5D8B40} = {1C76DA13-FD51-4D9D-9239-F521ADFCE525}
		{20FCAE40-5211-412A-B223-DC719041E734} = {1C76DA13-FD51-4D9D-9239-F521ADFCE525}
	EndGlobalSection
	GlobalSection(ExtensibilityGlobals) = postSolution
		SolutionGuid = {E262950D-AD8A-4353-A154-B914E46E4260}
	EndGlobalSection
EndGlobal
